
Microsoft Visual Studio Solution File, Format Version 12.00
# Visual Studio Version 17
VisualStudioVersion = 17.8.34408.163
MinimumVisualStudioVersion = 10.0.40219.1
Project("{FAE04EC0-301F-11D3-BF4B-00C04F79EFBC}") = "WebRADOC_MVC", "WebRADOC_MVC\WebRADOC_MVC.csproj", "{93EC243E-81ED-435C-BD93-F446AA31295F}"
EndProject
Global
	GlobalSection(SolutionConfigurationPlatforms) = preSolution
		Debug|Any CPU = Debug|Any CPU
		Release|Any CPU = Release|Any CPU
	EndGlobalSection
	GlobalSection(ProjectConfigurationPlatforms) = postSolution
		{93EC243E-81ED-435C-BD93-F446AA31295F}.Debug|Any CPU.ActiveCfg = Debug|Any CPU
		{93EC243E-81ED-435C-BD93-F446AA31295F}.Debug|Any CPU.Build.0 = Debug|Any CPU
		{93EC243E-81ED-435C-BD93-F446AA31295F}.Release|Any CPU.ActiveCfg = Release|Any CPU
		{93EC243E-81ED-435C-BD93-F446AA31295F}.Release|Any CPU.Build.0 = Release|Any CPU
	EndGlobalSection
	GlobalSection(SolutionProperties) = preSolution
		HideSolutionNode = FALSE
	EndGlobalSection
	GlobalSection(ExtensibilityGlobals) = postSolution
		SolutionGuid = {0735C9F2-0F29-412E-A1BF-D9903F94B530}
	EndGlobalSection
EndGlobal
